
Microsoft Visual Studio Solution File, Format Version 12.00
# Visual Studio Version 17
VisualStudioVersion = 17.8.34408.163
MinimumVisualStudioVersion = 10.0.40219.1
Project("{FAE04EC0-301F-11D3-BF4B-00C04F79EFBC}") = "pet stimulator ass1", "pet stimulator ass1\pet stimulator ass1.csproj", "{871DFDA6-5C18-4CD4-A45E-41A6041EAF90}"
EndProject
Global
	GlobalSection(SolutionConfigurationPlatforms) = preSolution
		Debug|Any CPU = Debug|Any CPU
		Release|Any CPU = Release|Any CPU
	EndGlobalSection
	GlobalSection(ProjectConfigurationPlatforms) = postSolution
		{871DFDA6-5C18-4CD4-A45E-41A6041EAF90}.Debug|Any CPU.ActiveCfg = Debug|Any CPU
		{871DFDA6-5C18-4CD4-A45E-41A6041EAF90}.Debug|Any CPU.Build.0 = Debug|Any CPU
		{871DFDA6-5C18-4CD4-A45E-41A6041EAF90}.Release|Any CPU.ActiveCfg = Release|Any CPU
		{871DFDA6-5C18-4CD4-A45E-41A6041EAF90}.Release|Any CPU.Build.0 = Release|Any CPU
	EndGlobalSection
	GlobalSection(SolutionProperties) = preSolution
		HideSolutionNode = FALSE
	EndGlobalSection
	GlobalSection(ExtensibilityGlobals) = postSolution
		SolutionGuid = {F1648C0B-9554-4B5F-9F35-3B6A9FECD9F0}
	EndGlobalSection
EndGlobal
